
Microsoft Visual Studio Solution File, Format Version 12.00
# Visual Studio Version 17
VisualStudioVersion = 17.5.002.0
MinimumVisualStudioVersion = 10.0.40219.1
Project("{9A19103F-16F7-4668-BE54-9A1E7A4F7556}") = "ExchangeRateAPI", "ExchangeRateAPI.csproj", "{82BD7337-A58E-4EDB-9900-9EB677D2449D}"
EndProject
Project("{FAE04EC0-301F-11D3-BF4B-00C04F79EFBC}") = "ExchangeRateApiTEST", "..\ExchangeRateApiTEST\ExchangeRateApiTEST.csproj", "{085202DA-D3F0-423C-97EF-F1B39686A73D}"
EndProject
Global
	GlobalSection(SolutionConfigurationPlatforms) = preSolution
		Debug|Any CPU = Debug|Any CPU
		Release|Any CPU = Release|Any CPU
	EndGlobalSection
	GlobalSection(ProjectConfigurationPlatforms) = postSolution
		{82BD7337-A58E-4EDB-9900-9EB677D2449D}.Debug|Any CPU.ActiveCfg = Debug|Any CPU
		{82BD7337-A58E-4EDB-9900-9EB677D2449D}.Debug|Any CPU.Build.0 = Debug|Any CPU
		{82BD7337-A58E-4EDB-9900-9EB677D2449D}.Release|Any CPU.ActiveCfg = Release|Any CPU
		{82BD7337-A58E-4EDB-9900-9EB677D2449D}.Release|Any CPU.Build.0 = Release|Any CPU
		{085202DA-D3F0-423C-97EF-F1B39686A73D}.Debug|Any CPU.ActiveCfg = Debug|Any CPU
		{085202DA-D3F0-423C-97EF-F1B39686A73D}.Debug|Any CPU.Build.0 = Debug|Any CPU
		{085202DA-D3F0-423C-97EF-F1B39686A73D}.Release|Any CPU.ActiveCfg = Release|Any CPU
		{085202DA-D3F0-423C-97EF-F1B39686A73D}.Release|Any CPU.Build.0 = Release|Any CPU
	EndGlobalSection
	GlobalSection(SolutionProperties) = preSolution
		HideSolutionNode = FALSE
	EndGlobalSection
	GlobalSection(ExtensibilityGlobals) = postSolution
		SolutionGuid = {E951CDEA-D284-4731-AFD2-6D6920A00023}
	EndGlobalSection
EndGlobal
